// !$*UTF8*$!
{
	archiveVersion = 1;
	classes = {
	};
	objectVersion = 56;
	objects = {

/* Begin PBXBuildFile section */
		CB9ABF552B063FC40064F81E /* AppDelegate.swift in Sources */ = {isa = PBXBuildFile; fileRef = CB9ABF542B063FC40064F81E /* AppDelegate.swift */; };
		CB9ABF572B063FC40064F81E /* SceneDelegate.swift in Sources */ = {isa = PBXBuildFile; fileRef = CB9ABF562B063FC40064F81E /* SceneDelegate.swift */; };
		CB9ABF5E2B063FC50064F81E /* Assets.xcassets in Resources */ = {isa = PBXBuildFile; fileRef = CB9ABF5D2B063FC50064F81E /* Assets.xcassets */; };
		CB9ABF612B063FC50064F81E /* LaunchScreen.storyboard in Resources */ = {isa = PBXBuildFile; fileRef = CB9ABF5F2B063FC50064F81E /* LaunchScreen.storyboard */; };
		CB9ABF6B2B0640BA0064F81E /* Main.storyboard in Resources */ = {isa = PBXBuildFile; fileRef = CB9ABF6A2B0640BA0064F81E /* Main.storyboard */; };
		CB9ABF6E2B0640C50064F81E /* Thread+Extensions.swift in Sources */ = {isa = PBXBuildFile; fileRef = CB9ABF6C2B0640C50064F81E /* Thread+Extensions.swift */; };
		CB9ABF6F2B0640C50064F81E /* DirectAccessHelpers.swift in Sources */ = {isa = PBXBuildFile; fileRef = CB9ABF6D2B0640C50064F81E /* DirectAccessHelpers.swift */; };
		CB9ABF722B0640CB0064F81E /* TheradView.swift in Sources */ = {isa = PBXBuildFile; fileRef = CB9ABF702B0640CB0064F81E /* TheradView.swift */; };
		CB9ABF732B0640CB0064F81E /* QosView.swift in Sources */ = {isa = PBXBuildFile; fileRef = CB9ABF712B0640CB0064F81E /* QosView.swift */; };
/* End PBXBuildFile section */

/* Begin PBXFileReference section */
		CB9ABF512B063FC40064F81E /* ThreadUsage.app */ = {isa = PBXFileReference; explicitFileType = wrapper.application; includeInIndex = 0; path = ThreadUsage.app; sourceTree = BUILT_PRODUCTS_DIR; };
		CB9ABF542B063FC40064F81E /* AppDelegate.swift */ = {isa = PBXFileReference; lastKnownFileType = sourcecode.swift; path = AppDelegate.swift; sourceTree = "<group>"; };
		CB9ABF562B063FC40064F81E /* SceneDelegate.swift */ = {isa = PBXFileReference; lastKnownFileType = sourcecode.swift; path = SceneDelegate.swift; sourceTree = "<group>"; };
		CB9ABF5D2B063FC50064F81E /* Assets.xcassets */ = {isa = PBXFileReference; lastKnownFileType = folder.assetcatalog; path = Assets.xcassets; sourceTree = "<group>"; };
		CB9ABF602B063FC50064F81E /* Base */ = {isa = PBXFileReference; lastKnownFileType = file.storyboard; name = Base; path = Base.lproj/LaunchScreen.storyboard; sourceTree = "<group>"; };
		CB9ABF622B063FC50064F81E /* Info.plist */ = {isa = PBXFileReference; lastKnownFileType = text.plist.xml; path = Info.plist; sourceTree = "<group>"; };
		CB9ABF6A2B0640BA0064F81E /* Main.storyboard */ = {isa = PBXFileReference; fileEncoding = 4; lastKnownFileType = file.storyboard; path = Main.storyboard; sourceTree = "<group>"; };
		CB9ABF6C2B0640C50064F81E /* Thread+Extensions.swift */ = {isa = PBXFileReference; fileEncoding = 4; lastKnownFileType = sourcecode.swift; path = "Thread+Extensions.swift"; sourceTree = "<group>"; };
		CB9ABF6D2B0640C50064F81E /* DirectAccessHelpers.swift */ = {isa = PBXFileReference; fileEncoding = 4; lastKnownFileType = sourcecode.swift; path = DirectAccessHelpers.swift; sourceTree = "<group>"; };
		CB9ABF702B0640CB0064F81E /* TheradView.swift */ = {isa = PBXFileReference; fileEncoding = 4; lastKnownFileType = sourcecode.swift; path = TheradView.swift; sourceTree = "<group>"; };
		CB9ABF712B0640CB0064F81E /* QosView.swift */ = {isa = PBXFileReference; fileEncoding = 4; lastKnownFileType = sourcecode.swift; path = QosView.swift; sourceTree = "<group>"; };
/* End PBXFileReference section */

/* Begin PBXFrameworksBuildPhase section */
		CB9ABF4E2B063FC40064F81E /* Frameworks */ = {
			isa = PBXFrameworksBuildPhase;
			buildActionMask = 2147483647;
			files = (
			);
			runOnlyForDeploymentPostprocessing = 0;
		};
/* End PBXFrameworksBuildPhase section */

/* Begin PBXGroup section */
		CB9ABF482B063FC40064F81E = {
			isa = PBXGroup;
			children = (
				CB9ABF532B063FC40064F81E /* ThreadUsage */,
				CB9ABF522B063FC40064F81E /* Products */,
			);
			sourceTree = "<group>";
		};
		CB9ABF522B063FC40064F81E /* Products */ = {
			isa = PBXGroup;
			children = (
				CB9ABF512B063FC40064F81E /* ThreadUsage.app */,
			);
			name = Products;
			sourceTree = "<group>";
		};
		CB9ABF532B063FC40064F81E /* ThreadUsage */ = {
			isa = PBXGroup;
			children = (
				CB9ABF692B063FDE0064F81E /* Development */,
				CB9ABF682B063FD50064F81E /* Main */,
			);
			path = ThreadUsage;
			sourceTree = "<group>";
		};
		CB9ABF682B063FD50064F81E /* Main */ = {
			isa = PBXGroup;
			children = (
				CB9ABF542B063FC40064F81E /* AppDelegate.swift */,
				CB9ABF562B063FC40064F81E /* SceneDelegate.swift */,
				CB9ABF5D2B063FC50064F81E /* Assets.xcassets */,
				CB9ABF6A2B0640BA0064F81E /* Main.storyboard */,
				CB9ABF5F2B063FC50064F81E /* LaunchScreen.storyboard */,
				CB9ABF622B063FC50064F81E /* Info.plist */,
			);
			path = Main;
			sourceTree = "<group>";
		};
		CB9ABF692B063FDE0064F81E /* Development */ = {
			isa = PBXGroup;
			children = (
				CB9ABF6D2B0640C50064F81E /* DirectAccessHelpers.swift */,
				CB9ABF712B0640CB0064F81E /* QosView.swift */,
				CB9ABF702B0640CB0064F81E /* TheradView.swift */,
				CB9ABF6C2B0640C50064F81E /* Thread+Extensions.swift */,
			);
			path = Development;
			sourceTree = "<group>";
		};
/* End PBXGroup section */

/* Begin PBXNativeTarget section */
		CB9ABF502B063FC40064F81E /* ThreadUsage */ = {
			isa = PBXNativeTarget;
			buildConfigurationList = CB9ABF652B063FC50064F81E /* Build configuration list for PBXNativeTarget "ThreadUsage" */;
			buildPhases = (
				CB9ABF4D2B063FC40064F81E /* Sources */,
				CB9ABF4E2B063FC40064F81E /* Frameworks */,
				CB9ABF4F2B063FC40064F81E /* Resources */,
			);
			buildRules = (
			);
			dependencies = (
			);
			name = ThreadUsage;
			productName = ThreadUsage;
			productReference = CB9ABF512B063FC40064F81E /* ThreadUsage.app */;
			productType = "com.apple.product-type.application";
		};
/* End PBXNativeTarget section */

/* Begin PBXProject section */
		CB9ABF492B063FC40064F81E /* Project object */ = {
			isa = PBXProject;
			attributes = {
				BuildIndependentTargetsInParallel = 1;
				LastSwiftUpdateCheck = 1410;
				LastUpgradeCheck = 1410;
				TargetAttributes = {
					CB9ABF502B063FC40064F81E = {
						CreatedOnToolsVersion = 14.1;
					};
				};
			};
			buildConfigurationList = CB9ABF4C2B063FC40064F81E /* Build configuration list for PBXProject "ThreadUsage" */;
			compatibilityVersion = "Xcode 14.0";
			developmentRegion = en;
			hasScannedForEncodings = 0;
			knownRegions = (
				en,
				Base,
			);
			mainGroup = CB9ABF482B063FC40064F81E;
			productRefGroup = CB9ABF522B063FC40064F81E /* Products */;
			projectDirPath = "";
			projectRoot = "";
			targets = (
				CB9ABF502B063FC40064F81E /* ThreadUsage */,
			);
		};
/* End PBXProject section */

/* Begin PBXResourcesBuildPhase section */
		CB9ABF4F2B063FC40064F81E /* Resources */ = {
			isa = PBXResourcesBuildPhase;
			buildActionMask = 2147483647;
			files = (
				CB9ABF6B2B0640BA0064F81E /* Main.storyboard in Resources */,
				CB9ABF612B063FC50064F81E /* LaunchScreen.storyboard in Resources */,
				CB9ABF5E2B063FC50064F81E /* Assets.xcassets in Resources */,
			);
			runOnlyForDeploymentPostprocessing = 0;
		};
/* End PBXResourcesBuildPhase section */

/* Begin PBXSourcesBuildPhase section */
		CB9ABF4D2B063FC40064F81E /* Sources */ = {
			isa = PBXSourcesBuildPhase;
			buildActionMask = 2147483647;
			files = (
				CB9ABF732B0640CB0064F81E /* QosView.swift in Sources */,
				CB9ABF6F2B0640C50064F81E /* DirectAccessHelpers.swift in Sources */,
				CB9ABF552B063FC40064F81E /* AppDelegate.swift in Sources */,
				CB9ABF6E2B0640C50064F81E /* Thread+Extensions.swift in Sources */,
				CB9ABF722B0640CB0064F81E /* TheradView.swift in Sources */,
				CB9ABF572B063FC40064F81E /* SceneDelegate.swift in Sources */,
			);
			runOnlyForDeploymentPostprocessing = 0;
		};
/* End PBXSourcesBuildPhase section */

/* Begin PBXVariantGroup section */
		CB9ABF5F2B063FC50064F81E /* LaunchScreen.storyboard */ = {
			isa = PBXVariantGroup;
			children = (
				CB9ABF602B063FC50064F81E /* Base */,
			);
			name = LaunchScreen.storyboard;
			sourceTree = "<group>";
		};
/* End PBXVariantGroup section */

/* Begin XCBuildConfiguration section */
		CB9ABF632B063FC50064F81E /* Debug */ = {
			isa = XCBuildConfiguration;
			buildSettings = {
				ALWAYS_SEARCH_USER_PATHS = NO;
				CLANG_ANALYZER_NONNULL = YES;
				CLANG_ANALYZER_NUMBER_OBJECT_CONVERSION = YES_AGGRESSIVE;
				CLANG_CXX_LANGUAGE_STANDARD = "gnu++20";
				CLANG_ENABLE_MODULES = YES;
				CLANG_ENABLE_OBJC_ARC = YES;
				CLANG_ENABLE_OBJC_WEAK = YES;
				CLANG_WARN_BLOCK_CAPTURE_AUTORELEASING = YES;
				CLANG_WARN_BOOL_CONVERSION = YES;
				CLANG_WARN_COMMA = YES;
				CLANG_WARN_CONSTANT_CONVERSION = YES;
				CLANG_WARN_DEPRECATED_OBJC_IMPLEMENTATIONS = YES;
				CLANG_WARN_DIRECT_OBJC_ISA_USAGE = YES_ERROR;
				CLANG_WARN_DOCUMENTATION_COMMENTS = YES;
				CLANG_WARN_EMPTY_BODY = YES;
				CLANG_WARN_ENUM_CONVERSION = YES;
				CLANG_WARN_INFINITE_RECURSION = YES;
				CLANG_WARN_INT_CONVERSION = YES;
				CLANG_WARN_NON_LITERAL_NULL_CONVERSION = YES;
				CLANG_WARN_OBJC_IMPLICIT_RETAIN_SELF = YES;
				CLANG_WARN_OBJC_LITERAL_CONVERSION = YES;
				CLANG_WARN_OBJC_ROOT_CLASS = YES_ERROR;
				CLANG_WARN_QUOTED_INCLUDE_IN_FRAMEWORK_HEADER = YES;
				CLANG_WARN_RANGE_LOOP_ANALYSIS = YES;
				CLANG_WARN_STRICT_PROTOTYPES = YES;
				CLANG_WARN_SUSPICIOUS_MOVE = YES;
				CLANG_WARN_UNGUARDED_AVAILABILITY = YES_AGGRESSIVE;
				CLANG_WARN_UNREACHABLE_CODE = YES;
				CLANG_WARN__DUPLICATE_METHOD_MATCH = YES;
				COPY_PHASE_STRIP = NO;
				DEBUG_INFORMATION_FORMAT = dwarf;
				ENABLE_STRICT_OBJC_MSGSEND = YES;
				ENABLE_TESTABILITY = YES;
				GCC_C_LANGUAGE_STANDARD = gnu11;
				GCC_DYNAMIC_NO_PIC = NO;
				GCC_NO_COMMON_BLOCKS = YES;
				GCC_OPTIMIZATION_LEVEL = 0;
				GCC_PREPROCESSOR_DEFINITIONS = (
					"DEBUG=1",
					"$(inherited)",
				);
				GCC_WARN_64_TO_32_BIT_CONVERSION = YES;
				GCC_WARN_ABOUT_RETURN_TYPE = YES_ERROR;
				GCC_WARN_UNDECLARED_SELECTOR = YES;
				GCC_WARN_UNINITIALIZED_AUTOS = YES_AGGRESSIVE;
				GCC_WARN_UNUSED_FUNCTION = YES;
				GCC_WARN_UNUSED_VARIABLE = YES;
				IPHONEOS_DEPLOYMENT_TARGET = 16.1;
				MTL_ENABLE_DEBUG_INFO = INCLUDE_SOURCE;
				MTL_FAST_MATH = YES;
				ONLY_ACTIVE_ARCH = YES;
				SDKROOT = iphoneos;
				SWIFT_ACTIVE_COMPILATION_CONDITIONS = DEBUG;
				SWIFT_OPTIMIZATION_LEVEL = "-Onone";
			};
			name = Debug;
		};
		CB9ABF642B063FC50064F81E /* Release */ = {
			isa = XCBuildConfiguration;
			buildSettings = {
				ALWAYS_SEARCH_USER_PATHS = NO;
				CLANG_ANALYZER_NONNULL = YES;
				CLANG_ANALYZER_NUMBER_OBJECT_CONVERSION = YES_AGGRESSIVE;
				CLANG_CXX_LANGUAGE_STANDARD = "gnu++20";
				CLANG_ENABLE_MODULES = YES;
				CLANG_ENABLE_OBJC_ARC = YES;
				CLANG_ENABLE_OBJC_WEAK = YES;
				CLANG_WARN_BLOCK_CAPTURE_AUTORELEASING = YES;
				CLANG_WARN_BOOL_CONVERSION = YES;
				CLANG_WARN_COMMA = YES;
				CLANG_WARN_CONSTANT_CONVERSION = YES;
				CLANG_WARN_DEPRECATED_OBJC_IMPLEMENTATIONS = YES;
				CLANG_WARN_DIRECT_OBJC_ISA_USAGE = YES_ERROR;
				CLANG_WARN_DOCUMENTATION_COMMENTS = YES;
				CLANG_WARN_EMPTY_BODY = YES;
				CLANG_WARN_ENUM_CONVERSION = YES;
				CLANG_WARN_INFINITE_RECURSION = YES;
				CLANG_WARN_INT_CONVERSION = YES;
				CLANG_WARN_NON_LITERAL_NULL_CONVERSION = YES;
				CLANG_WARN_OBJC_IMPLICIT_RETAIN_SELF = YES;
				CLANG_WARN_OBJC_LITERAL_CONVERSION = YES;
				CLANG_WARN_OBJC_ROOT_CLASS = YES_ERROR;
				CLANG_WARN_QUOTED_INCLUDE_IN_FRAMEWORK_HEADER = YES;
				CLANG_WARN_RANGE_LOOP_ANALYSIS = YES;
				CLANG_WARN_STRICT_PROTOTYPES = YES;
				CLANG_WARN_SUSPICIOUS_MOVE = YES;
				CLANG_WARN_UNGUARDED_AVAILABILITY = YES_AGGRESSIVE;
				CLANG_WARN_UNREACHABLE_CODE = YES;
				CLANG_WARN__DUPLICATE_METHOD_MATCH = YES;
				COPY_PHASE_STRIP = NO;
				DEBUG_INFORMATION_FORMAT = "dwarf-with-dsym";
				ENABLE_NS_ASSERTIONS = NO;
				ENABLE_STRICT_OBJC_MSGSEND = YES;
				GCC_C_LANGUAGE_STANDARD = gnu11;
				GCC_NO_COMMON_BLOCKS = YES;
				GCC_WARN_64_TO_32_BIT_CONVERSION = YES;
				GCC_WARN_ABOUT_RETURN_TYPE = YES_ERROR;
				GCC_WARN_UNDECLARED_SELECTOR = YES;
				GCC_WARN_UNINITIALIZED_AUTOS = YES_AGGRESSIVE;
				GCC_WARN_UNUSED_FUNCTION = YES;
				GCC_WARN_UNUSED_VARIABLE = YES;
				IPHONEOS_DEPLOYMENT_TARGET = 16.1;
				MTL_ENABLE_DEBUG_INFO = NO;
				MTL_FAST_MATH = YES;
				SDKROOT = iphoneos;
				SWIFT_COMPILATION_MODE = wholemodule;
				SWIFT_OPTIMIZATION_LEVEL = "-O";
				VALIDATE_PRODUCT = YES;
			};
			name = Release;
		};
		CB9ABF662B063FC50064F81E /* Debug */ = {
			isa = XCBuildConfiguration;
			buildSettings = {
				ASSETCATALOG_COMPILER_APPICON_NAME = AppIcon;
				ASSETCATALOG_COMPILER_GLOBAL_ACCENT_COLOR_NAME = AccentColor;
				CODE_SIGN_STYLE = Automatic;
				CURRENT_PROJECT_VERSION = 1;
				DEVELOPMENT_TEAM = 628XNSLD2R;
				GENERATE_INFOPLIST_FILE = YES;
				INFOPLIST_FILE = ThreadUsage/Main/Info.plist;
				INFOPLIST_KEY_UIApplicationSupportsIndirectInputEvents = YES;
				INFOPLIST_KEY_UILaunchStoryboardName = LaunchScreen;
				INFOPLIST_KEY_UIMainStoryboardFile = Main;
				INFOPLIST_KEY_UISupportedInterfaceOrientations_iPad = "UIInterfaceOrientationPortrait UIInterfaceOrientationPortraitUpsideDown UIInterfaceOrientationLandscapeLeft UIInterfaceOrientationLandscapeRight";
				INFOPLIST_KEY_UISupportedInterfaceOrientations_iPhone = "UIInterfaceOrientationPortrait UIInterfaceOrientationLandscapeLeft UIInterfaceOrientationLandscapeRight";
				LD_RUNPATH_SEARCH_PATHS = (
					"$(inherited)",
					"@executable_path/Frameworks",
				);
				MARKETING_VERSION = 1.0;
				PRODUCT_BUNDLE_IDENTIFIER = bekirtek.ThreadUsage;
				PRODUCT_NAME = "$(TARGET_NAME)";
				SWIFT_EMIT_LOC_STRINGS = YES;
				SWIFT_VERSION = 5.0;
				TARGETED_DEVICE_FAMILY = "1,2";
			};
			name = Debug;
		};
		CB9ABF672B063FC50064F81E /* Release */ = {
			isa = XCBuildConfiguration;
			buildSettings = {
				ASSETCATALOG_COMPILER_APPICON_NAME = AppIcon;
				ASSETCATALOG_COMPILER_GLOBAL_ACCENT_COLOR_NAME = AccentColor;
				CODE_SIGN_STYLE = Automatic;
				CURRENT_PROJECT_VERSION = 1;
				DEVELOPMENT_TEAM = 628XNSLD2R;
				GENERATE_INFOPLIST_FILE = YES;
				INFOPLIST_FILE = ThreadUsage/Main/Info.plist;
				INFOPLIST_KEY_UIApplicationSupportsIndirectInputEvents = YES;
				INFOPLIST_KEY_UILaunchStoryboardName = LaunchScreen;
				INFOPLIST_KEY_UIMainStoryboardFile = Main;
				INFOPLIST_KEY_UISupportedInterfaceOrientations_iPad = "UIInterfaceOrientationPortrait UIInterfaceOrientationPortraitUpsideDown UIInterfaceOrientationLandscapeLeft UIInterfaceOrientationLandscapeRight";
				INFOPLIST_KEY_UISupportedInterfaceOrientations_iPhone = "UIInterfaceOrientationPortrait UIInterfaceOrientationLandscapeLeft UIInterfaceOrientationLandscapeRight";
				LD_RUNPATH_SEARCH_PATHS = (
					"$(inherited)",
					"@executable_path/Frameworks",
				);
				MARKETING_VERSION = 1.0;
				PRODUCT_BUNDLE_IDENTIFIER = bekirtek.ThreadUsage;
				PRODUCT_NAME = "$(TARGET_NAME)";
				SWIFT_EMIT_LOC_STRINGS = YES;
				SWIFT_VERSION = 5.0;
				TARGETED_DEVICE_FAMILY = "1,2";
			};
			name = Release;
		};
/* End XCBuildConfiguration section */

/* Begin XCConfigurationList section */
		CB9ABF4C2B063FC40064F81E /* Build configuration list for PBXProject "ThreadUsage" */ = {
			isa = XCConfigurationList;
			buildConfigurations = (
				CB9ABF632B063FC50064F81E /* Debug */,
				CB9ABF642B063FC50064F81E /* Release */,
			);
			defaultConfigurationIsVisible = 0;
			defaultConfigurationName = Release;
		};
		CB9ABF652B063FC50064F81E /* Build configuration list for PBXNativeTarget "ThreadUsage" */ = {
			isa = XCConfigurationList;
			buildConfigurations = (
				CB9ABF662B063FC50064F81E /* Debug */,
				CB9ABF672B063FC50064F81E /* Release */,
			);
			defaultConfigurationIsVisible = 0;
			defaultConfigurationName = Release;
		};
/* End XCConfigurationList section */
	};
	rootObject = CB9ABF492B063FC40064F81E /* Project object */;
}
